
Microsoft Visual Studio Solution File, Format Version 12.00
# Visual Studio 15
VisualStudioVersion = 15.0.27703.2047
MinimumVisualStudioVersion = 10.0.40219.1
Project("{FAE04EC0-301F-11D3-BF4B-00C04F79EFBC}") = "Ejercicio1", "Clase1\Ejercicio1.csproj", "{C709FE0D-E0A2-4BDC-A030-FFC1E70C06B3}"
EndProject
Project("{FAE04EC0-301F-11D3-BF4B-00C04F79EFBC}") = "Ejercicio2", "SegundaSolucionClase1\Ejercicio2.csproj", "{2702849D-F61F-4FF9-9D3A-0F35C5DAD7C9}"
EndProject
Project("{FAE04EC0-301F-11D3-BF4B-00C04F79EFBC}") = "Ejercicio3", "Ejercicio3\Ejercicio3.csproj", "{4DA5C2D2-0A36-46F1-AF76-20B30B980665}"
EndProject
Global
	GlobalSection(SolutionConfigurationPlatforms) = preSolution
		Debug|Any CPU = Debug|Any CPU
		Release|Any CPU = Release|Any CPU
	EndGlobalSection
	GlobalSection(ProjectConfigurationPlatforms) = postSolution
		{C709FE0D-E0A2-4BDC-A030-FFC1E70C06B3}.Debug|Any CPU.ActiveCfg = Debug|Any CPU
		{C709FE0D-E0A2-4BDC-A030-FFC1E70C06B3}.Debug|Any CPU.Build.0 = Debug|Any CPU
		{C709FE0D-E0A2-4BDC-A030-FFC1E70C06B3}.Release|Any CPU.ActiveCfg = Release|Any CPU
		{C709FE0D-E0A2-4BDC-A030-FFC1E70C06B3}.Release|Any CPU.Build.0 = Release|Any CPU
		{2702849D-F61F-4FF9-9D3A-0F35C5DAD7C9}.Debug|Any CPU.ActiveCfg = Debug|Any CPU
		{2702849D-F61F-4FF9-9D3A-0F35C5DAD7C9}.Debug|Any CPU.Build.0 = Debug|Any CPU
		{2702849D-F61F-4FF9-9D3A-0F35C5DAD7C9}.Release|Any CPU.ActiveCfg = Release|Any CPU
		{2702849D-F61F-4FF9-9D3A-0F35C5DAD7C9}.Release|Any CPU.Build.0 = Release|Any CPU
		{4DA5C2D2-0A36-46F1-AF76-20B30B980665}.Debug|Any CPU.ActiveCfg = Debug|Any CPU
		{4DA5C2D2-0A36-46F1-AF76-20B30B980665}.Debug|Any CPU.Build.0 = Debug|Any CPU
		{4DA5C2D2-0A36-46F1-AF76-20B30B980665}.Release|Any CPU.ActiveCfg = Release|Any CPU
		{4DA5C2D2-0A36-46F1-AF76-20B30B980665}.Release|Any CPU.Build.0 = Release|Any CPU
	EndGlobalSection
	GlobalSection(SolutionProperties) = preSolution
		HideSolutionNode = FALSE
	EndGlobalSection
	GlobalSection(ExtensibilityGlobals) = postSolution
		SolutionGuid = {4B51D0AA-013A-4AD3-9B56-AEA20F1037D6}
	EndGlobalSection
EndGlobal
